
Microsoft Visual Studio Solution File, Format Version 12.00
# Visual Studio 15
VisualStudioVersion = 15.0.28307.106
MinimumVisualStudioVersion = 10.0.40219.1
Project("{9A19103F-16F7-4668-BE54-9A1E7A4F7556}") = "Condorcet", "Condorcet\Condorcet.csproj", "{01AE2EBE-1A76-4F8C-8995-99A9ADD7E5FB}"
EndProject
Project("{FAE04EC0-301F-11D3-BF4B-00C04F79EFBC}") = "Condorcet.Tests", "Condorcet.Tests\Condorcet.Tests.csproj", "{6BEF9D00-93EC-453C-BC89-DF220778EFC6}"
EndProject
Global
	GlobalSection(SolutionConfigurationPlatforms) = preSolution
		Debug|Any CPU = Debug|Any CPU
		Release|Any CPU = Release|Any CPU
	EndGlobalSection
	GlobalSection(ProjectConfigurationPlatforms) = postSolution
		{01AE2EBE-1A76-4F8C-8995-99A9ADD7E5FB}.Debug|Any CPU.ActiveCfg = Debug|Any CPU
		{01AE2EBE-1A76-4F8C-8995-99A9ADD7E5FB}.Debug|Any CPU.Build.0 = Debug|Any CPU
		{01AE2EBE-1A76-4F8C-8995-99A9ADD7E5FB}.Release|Any CPU.ActiveCfg = Release|Any CPU
		{01AE2EBE-1A76-4F8C-8995-99A9ADD7E5FB}.Release|Any CPU.Build.0 = Release|Any CPU
		{6BEF9D00-93EC-453C-BC89-DF220778EFC6}.Debug|Any CPU.ActiveCfg = Debug|Any CPU
		{6BEF9D00-93EC-453C-BC89-DF220778EFC6}.Debug|Any CPU.Build.0 = Debug|Any CPU
		{6BEF9D00-93EC-453C-BC89-DF220778EFC6}.Release|Any CPU.ActiveCfg = Release|Any CPU
		{6BEF9D00-93EC-453C-BC89-DF220778EFC6}.Release|Any CPU.Build.0 = Release|Any CPU
	EndGlobalSection
	GlobalSection(SolutionProperties) = preSolution
		HideSolutionNode = FALSE
	EndGlobalSection
	GlobalSection(ExtensibilityGlobals) = postSolution
		SolutionGuid = {C744C2AF-CF57-4A4D-BCEA-B33AEDFDC58A}
	EndGlobalSection
EndGlobal
